
Microsoft Visual Studio Solution File, Format Version 12.00
# Visual Studio 15
Project("{FAE04EC0-301F-11D3-BF4B-00C04F79EFBC}") = "UnityEngine.UI", "UnityEngine.UI.csproj", "{49280D4A-8F5D-6FB2-B3F4-CDB7B1313CCE}"
EndProject
Project("{FAE04EC0-301F-11D3-BF4B-00C04F79EFBC}") = "UnityEngine.TestRunner", "UnityEngine.TestRunner.csproj", "{096673DC-CF49-6B0C-5880-A3A535C5C0DC}"
EndProject
Project("{FAE04EC0-301F-11D3-BF4B-00C04F79EFBC}") = "Unity.VisualScripting.Flow", "Unity.VisualScripting.Flow.csproj", "{3F233276-B3BB-28FF-262A-A10A91EE6A18}"
EndProject
Project("{FAE04EC0-301F-11D3-BF4B-00C04F79EFBC}") = "Unity.VisualScripting.State", "Unity.VisualScripting.State.csproj", "{471BEEE4-A4DE-343C-A292-B26B6300B06C}"
EndProject
Project("{FAE04EC0-301F-11D3-BF4B-00C04F79EFBC}") = "Unity.VisualScripting.Core", "Unity.VisualScripting.Core.csproj", "{21D2DE53-B3BB-F408-E4C9-F16FE86E733B}"
EndProject
Project("{FAE04EC0-301F-11D3-BF4B-00C04F79EFBC}") = "Unity.TextMeshPro", "Unity.TextMeshPro.csproj", "{DED30B49-A90D-5AD4-BFE9-4FD2F412FB69}"
EndProject
Project("{FAE04EC0-301F-11D3-BF4B-00C04F79EFBC}") = "Unity.Timeline", "Unity.Timeline.csproj", "{556022F4-85F5-B4CF-187D-8B8A76E0080A}"
EndProject
Project("{FAE04EC0-301F-11D3-BF4B-00C04F79EFBC}") = "Assembly-CSharp", "Assembly-CSharp.csproj", "{D1014E20-3178-F7B0-FA5C-20EF54C5F60F}"
EndProject
Project("{FAE04EC0-301F-11D3-BF4B-00C04F79EFBC}") = "Unity.PlasticSCM.Editor", "Unity.PlasticSCM.Editor.csproj", "{8735458E-8657-5D9F-05D9-3DBE10B4A877}"
EndProject
Project("{FAE04EC0-301F-11D3-BF4B-00C04F79EFBC}") = "Unity.VisualScripting.Core.Editor", "Unity.VisualScripting.Core.Editor.csproj", "{BEB231EE-BED6-E3DE-BF3E-04BE92D23FF3}"
EndProject
Project("{FAE04EC0-301F-11D3-BF4B-00C04F79EFBC}") = "Unity.VisualScripting.Flow.Editor", "Unity.VisualScripting.Flow.Editor.csproj", "{CFA6309B-D8E3-4A80-AD76-46F8A50FB2C4}"
EndProject
Project("{FAE04EC0-301F-11D3-BF4B-00C04F79EFBC}") = "Unity.VisualStudio.Editor", "Unity.VisualStudio.Editor.csproj", "{CFDCAF44-7B32-2364-9AF4-D77A4E765781}"
EndProject
Project("{FAE04EC0-301F-11D3-BF4B-00C04F79EFBC}") = "Unity.Timeline.Editor", "Unity.Timeline.Editor.csproj", "{8A94D625-D488-6AFA-DCCF-FEFC352973A0}"
EndProject
Project("{FAE04EC0-301F-11D3-BF4B-00C04F79EFBC}") = "Unity.VisualScripting.State.Editor", "Unity.VisualScripting.State.Editor.csproj", "{0FD18E87-A8D2-D91F-1989-EE0F5D06EBD3}"
EndProject
Project("{FAE04EC0-301F-11D3-BF4B-00C04F79EFBC}") = "Unity.TextMeshPro.Editor", "Unity.TextMeshPro.Editor.csproj", "{7E349AB5-3A38-7C21-26D2-4B365BA0549E}"
EndProject
Project("{FAE04EC0-301F-11D3-BF4B-00C04F79EFBC}") = "Unity.VisualScripting.SettingsProvider.Editor", "Unity.VisualScripting.SettingsProvider.Editor.csproj", "{CD6E2313-A0E9-CF8F-2BB9-25E8CB65FB0B}"
EndProject
Project("{FAE04EC0-301F-11D3-BF4B-00C04F79EFBC}") = "UnityEditor.TestRunner", "UnityEditor.TestRunner.csproj", "{15F8ED36-C586-A411-594F-E9C50901A844}"
EndProject
Project("{FAE04EC0-301F-11D3-BF4B-00C04F79EFBC}") = "Unity.TestTools.CodeCoverage.Editor", "Unity.TestTools.CodeCoverage.Editor.csproj", "{57541AF4-464C-B0AA-FE60-8B9FB93B008F}"
EndProject
Project("{FAE04EC0-301F-11D3-BF4B-00C04F79EFBC}") = "Unity.Rider.Editor", "Unity.Rider.Editor.csproj", "{E11441F5-BA76-8DB7-D7BE-001648D09200}"
EndProject
Project("{FAE04EC0-301F-11D3-BF4B-00C04F79EFBC}") = "Unity.Performance.Profile-Analyzer.Editor", "Unity.Performance.Profile-Analyzer.Editor.csproj", "{6779E35C-3047-CA61-4194-0F69D026389E}"
EndProject
Project("{FAE04EC0-301F-11D3-BF4B-00C04F79EFBC}") = "Unity.VSCode.Editor", "Unity.VSCode.Editor.csproj", "{0BB36293-9EB2-F33D-0BCF-04F49721E0E4}"
EndProject
Project("{FAE04EC0-301F-11D3-BF4B-00C04F79EFBC}") = "UnityEditor.UI", "UnityEditor.UI.csproj", "{53DE7C7A-CA7A-C9FF-2BAC-C015532FC405}"
EndProject
Project("{FAE04EC0-301F-11D3-BF4B-00C04F79EFBC}") = "Unity.TestTools.CodeCoverage.Editor.OpenCover.Model", "Unity.TestTools.CodeCoverage.Editor.OpenCover.Model.csproj", "{A2EC5028-27B5-A8BE-DBFC-1FD210C1251B}"
EndProject
Project("{FAE04EC0-301F-11D3-BF4B-00C04F79EFBC}") = "Unity.EditorCoroutines.Editor", "Unity.EditorCoroutines.Editor.csproj", "{ED53CDFF-85A2-5BD3-5186-1901C9270687}"
EndProject
Project("{FAE04EC0-301F-11D3-BF4B-00C04F79EFBC}") = "Unity.Settings.Editor", "Unity.Settings.Editor.csproj", "{F00CB837-DF87-9AAE-B903-D10E76AB32D5}"
EndProject
Project("{FAE04EC0-301F-11D3-BF4B-00C04F79EFBC}") = "Unity.CollabProxy.Editor", "Unity.CollabProxy.Editor.csproj", "{F7C352D9-BC29-6CAB-E158-DD916F73719E}"
EndProject
Project("{FAE04EC0-301F-11D3-BF4B-00C04F79EFBC}") = "Unity.TestTools.CodeCoverage.Editor.OpenCover.Mono.Reflection", "Unity.TestTools.CodeCoverage.Editor.OpenCover.Mono.Reflection.csproj", "{C1406F9A-5381-2F4F-7EC6-755B282669C8}"
EndProject
Project("{FAE04EC0-301F-11D3-BF4B-00C04F79EFBC}") = "Unity.VisualScripting.Shared.Editor", "Unity.VisualScripting.Shared.Editor.csproj", "{D0C2A185-5145-8B31-3DF3-AB37317E702A}"
EndProject
Global
	GlobalSection(SolutionConfigurationPlatforms) = preSolution
		Debug|Any CPU = Debug|Any CPU
		Release|Any CPU = Release|Any CPU
	EndGlobalSection
	GlobalSection(ProjectConfigurationPlatforms) = postSolution
		{49280D4A-8F5D-6FB2-B3F4-CDB7B1313CCE}.Debug|Any CPU.ActiveCfg = Debug|Any CPU
		{49280D4A-8F5D-6FB2-B3F4-CDB7B1313CCE}.Debug|Any CPU.Build.0 = Debug|Any CPU
		{49280D4A-8F5D-6FB2-B3F4-CDB7B1313CCE}.Release|Any CPU.ActiveCfg = Release|Any CPU
		{49280D4A-8F5D-6FB2-B3F4-CDB7B1313CCE}.Release|Any CPU.Build.0 = Release|Any CPU
		{096673DC-CF49-6B0C-5880-A3A535C5C0DC}.Debug|Any CPU.ActiveCfg = Debug|Any CPU
		{096673DC-CF49-6B0C-5880-A3A535C5C0DC}.Debug|Any CPU.Build.0 = Debug|Any CPU
		{096673DC-CF49-6B0C-5880-A3A535C5C0DC}.Release|Any CPU.ActiveCfg = Release|Any CPU
		{096673DC-CF49-6B0C-5880-A3A535C5C0DC}.Release|Any CPU.Build.0 = Release|Any CPU
		{3F233276-B3BB-28FF-262A-A10A91EE6A18}.Debug|Any CPU.ActiveCfg = Debug|Any CPU
		{3F233276-B3BB-28FF-262A-A10A91EE6A18}.Debug|Any CPU.Build.0 = Debug|Any CPU
		{3F233276-B3BB-28FF-262A-A10A91EE6A18}.Release|Any CPU.ActiveCfg = Release|Any CPU
		{3F233276-B3BB-28FF-262A-A10A91EE6A18}.Release|Any CPU.Build.0 = Release|Any CPU
		{471BEEE4-A4DE-343C-A292-B26B6300B06C}.Debug|Any CPU.ActiveCfg = Debug|Any CPU
		{471BEEE4-A4DE-343C-A292-B26B6300B06C}.Debug|Any CPU.Build.0 = Debug|Any CPU
		{471BEEE4-A4DE-343C-A292-B26B6300B06C}.Release|Any CPU.ActiveCfg = Release|Any CPU
		{471BEEE4-A4DE-343C-A292-B26B6300B06C}.Release|Any CPU.Build.0 = Release|Any CPU
		{21D2DE53-B3BB-F408-E4C9-F16FE86E733B}.Debug|Any CPU.ActiveCfg = Debug|Any CPU
		{21D2DE53-B3BB-F408-E4C9-F16FE86E733B}.Debug|Any CPU.Build.0 = Debug|Any CPU
		{21D2DE53-B3BB-F408-E4C9-F16FE86E733B}.Release|Any CPU.ActiveCfg = Release|Any CPU
		{21D2DE53-B3BB-F408-E4C9-F16FE86E733B}.Release|Any CPU.Build.0 = Release|Any CPU
		{DED30B49-A90D-5AD4-BFE9-4FD2F412FB69}.Debug|Any CPU.ActiveCfg = Debug|Any CPU
		{DED30B49-A90D-5AD4-BFE9-4FD2F412FB69}.Debug|Any CPU.Build.0 = Debug|Any CPU
		{DED30B49-A90D-5AD4-BFE9-4FD2F412FB69}.Release|Any CPU.ActiveCfg = Release|Any CPU
		{DED30B49-A90D-5AD4-BFE9-4FD2F412FB69}.Release|Any CPU.Build.0 = Release|Any CPU
		{556022F4-85F5-B4CF-187D-8B8A76E0080A}.Debug|Any CPU.ActiveCfg = Debug|Any CPU
		{556022F4-85F5-B4CF-187D-8B8A76E0080A}.Debug|Any CPU.Build.0 = Debug|Any CPU
		{556022F4-85F5-B4CF-187D-8B8A76E0080A}.Release|Any CPU.ActiveCfg = Release|Any CPU
		{556022F4-85F5-B4CF-187D-8B8A76E0080A}.Release|Any CPU.Build.0 = Release|Any CPU
		{D1014E20-3178-F7B0-FA5C-20EF54C5F60F}.Debug|Any CPU.ActiveCfg = Debug|Any CPU
		{D1014E20-3178-F7B0-FA5C-20EF54C5F60F}.Debug|Any CPU.Build.0 = Debug|Any CPU
		{D1014E20-3178-F7B0-FA5C-20EF54C5F60F}.Release|Any CPU.ActiveCfg = Release|Any CPU
		{D1014E20-3178-F7B0-FA5C-20EF54C5F60F}.Release|Any CPU.Build.0 = Release|Any CPU
		{8735458E-8657-5D9F-05D9-3DBE10B4A877}.Debug|Any CPU.ActiveCfg = Debug|Any CPU
		{8735458E-8657-5D9F-05D9-3DBE10B4A877}.Debug|Any CPU.Build.0 = Debug|Any CPU
		{8735458E-8657-5D9F-05D9-3DBE10B4A877}.Release|Any CPU.ActiveCfg = Release|Any CPU
		{8735458E-8657-5D9F-05D9-3DBE10B4A877}.Release|Any CPU.Build.0 = Release|Any CPU
		{BEB231EE-BED6-E3DE-BF3E-04BE92D23FF3}.Debug|Any CPU.ActiveCfg = Debug|Any CPU
		{BEB231EE-BED6-E3DE-BF3E-04BE92D23FF3}.Debug|Any CPU.Build.0 = Debug|Any CPU
		{BEB231EE-BED6-E3DE-BF3E-04BE92D23FF3}.Release|Any CPU.ActiveCfg = Release|Any CPU
		{BEB231EE-BED6-E3DE-BF3E-04BE92D23FF3}.Release|Any CPU.Build.0 = Release|Any CPU
		{CFA6309B-D8E3-4A80-AD76-46F8A50FB2C4}.Debug|Any CPU.ActiveCfg = Debug|Any CPU
		{CFA6309B-D8E3-4A80-AD76-46F8A50FB2C4}.Debug|Any CPU.Build.0 = Debug|Any CPU
		{CFA6309B-D8E3-4A80-AD76-46F8A50FB2C4}.Release|Any CPU.ActiveCfg = Release|Any CPU
		{CFA6309B-D8E3-4A80-AD76-46F8A50FB2C4}.Release|Any CPU.Build.0 = Release|Any CPU
		{CFDCAF44-7B32-2364-9AF4-D77A4E765781}.Debug|Any CPU.ActiveCfg = Debug|Any CPU
		{CFDCAF44-7B32-2364-9AF4-D77A4E765781}.Debug|Any CPU.Build.0 = Debug|Any CPU
		{CFDCAF44-7B32-2364-9AF4-D77A4E765781}.Release|Any CPU.ActiveCfg = Release|Any CPU
		{CFDCAF44-7B32-2364-9AF4-D77A4E765781}.Release|Any CPU.Build.0 = Release|Any CPU
		{8A94D625-D488-6AFA-DCCF-FEFC352973A0}.Debug|Any CPU.ActiveCfg = Debug|Any CPU
		{8A94D625-D488-6AFA-DCCF-FEFC352973A0}.Debug|Any CPU.Build.0 = Debug|Any CPU
		{8A94D625-D488-6AFA-DCCF-FEFC352973A0}.Release|Any CPU.ActiveCfg = Release|Any CPU
		{8A94D625-D488-6AFA-DCCF-FEFC352973A0}.Release|Any CPU.Build.0 = Release|Any CPU
		{0FD18E87-A8D2-D91F-1989-EE0F5D06EBD3}.Debug|Any CPU.ActiveCfg = Debug|Any CPU
		{0FD18E87-A8D2-D91F-1989-EE0F5D06EBD3}.Debug|Any CPU.Build.0 = Debug|Any CPU
		{0FD18E87-A8D2-D91F-1989-EE0F5D06EBD3}.Release|Any CPU.ActiveCfg = Release|Any CPU
		{0FD18E87-A8D2-D91F-1989-EE0F5D06EBD3}.Release|Any CPU.Build.0 = Release|Any CPU
		{7E349AB5-3A38-7C21-26D2-4B365BA0549E}.Debug|Any CPU.ActiveCfg = Debug|Any CPU
		{7E349AB5-3A38-7C21-26D2-4B365BA0549E}.Debug|Any CPU.Build.0 = Debug|Any CPU
		{7E349AB5-3A38-7C21-26D2-4B365BA0549E}.Release|Any CPU.ActiveCfg = Release|Any CPU
		{7E349AB5-3A38-7C21-26D2-4B365BA0549E}.Release|Any CPU.Build.0 = Release|Any CPU
		{CD6E2313-A0E9-CF8F-2BB9-25E8CB65FB0B}.Debug|Any CPU.ActiveCfg = Debug|Any CPU
		{CD6E2313-A0E9-CF8F-2BB9-25E8CB65FB0B}.Debug|Any CPU.Build.0 = Debug|Any CPU
		{CD6E2313-A0E9-CF8F-2BB9-25E8CB65FB0B}.Release|Any CPU.ActiveCfg = Release|Any CPU
		{CD6E2313-A0E9-CF8F-2BB9-25E8CB65FB0B}.Release|Any CPU.Build.0 = Release|Any CPU
		{15F8ED36-C586-A411-594F-E9C50901A844}.Debug|Any CPU.ActiveCfg = Debug|Any CPU
		{15F8ED36-C586-A411-594F-E9C50901A844}.Debug|Any CPU.Build.0 = Debug|Any CPU
		{15F8ED36-C586-A411-594F-E9C50901A844}.Release|Any CPU.ActiveCfg = Release|Any CPU
		{15F8ED36-C586-A411-594F-E9C50901A844}.Release|Any CPU.Build.0 = Release|Any CPU
		{57541AF4-464C-B0AA-FE60-8B9FB93B008F}.Debug|Any CPU.ActiveCfg = Debug|Any CPU
		{57541AF4-464C-B0AA-FE60-8B9FB93B008F}.Debug|Any CPU.Build.0 = Debug|Any CPU
		{57541AF4-464C-B0AA-FE60-8B9FB93B008F}.Release|Any CPU.ActiveCfg = Release|Any CPU
		{57541AF4-464C-B0AA-FE60-8B9FB93B008F}.Release|Any CPU.Build.0 = Release|Any CPU
		{E11441F5-BA76-8DB7-D7BE-001648D09200}.Debug|Any CPU.ActiveCfg = Debug|Any CPU
		{E11441F5-BA76-8DB7-D7BE-001648D09200}.Debug|Any CPU.Build.0 = Debug|Any CPU
		{E11441F5-BA76-8DB7-D7BE-001648D09200}.Release|Any CPU.ActiveCfg = Release|Any CPU
		{E11441F5-BA76-8DB7-D7BE-001648D09200}.Release|Any CPU.Build.0 = Release|Any CPU
		{6779E35C-3047-CA61-4194-0F69D026389E}.Debug|Any CPU.ActiveCfg = Debug|Any CPU
		{6779E35C-3047-CA61-4194-0F69D026389E}.Debug|Any CPU.Build.0 = Debug|Any CPU
		{6779E35C-3047-CA61-4194-0F69D026389E}.Release|Any CPU.ActiveCfg = Release|Any CPU
		{6779E35C-3047-CA61-4194-0F69D026389E}.Release|Any CPU.Build.0 = Release|Any CPU
		{0BB36293-9EB2-F33D-0BCF-04F49721E0E4}.Debug|Any CPU.ActiveCfg = Debug|Any CPU
		{0BB36293-9EB2-F33D-0BCF-04F49721E0E4}.Debug|Any CPU.Build.0 = Debug|Any CPU
		{0BB36293-9EB2-F33D-0BCF-04F49721E0E4}.Release|Any CPU.ActiveCfg = Release|Any CPU
		{0BB36293-9EB2-F33D-0BCF-04F49721E0E4}.Release|Any CPU.Build.0 = Release|Any CPU
		{53DE7C7A-CA7A-C9FF-2BAC-C015532FC405}.Debug|Any CPU.ActiveCfg = Debug|Any CPU
		{53DE7C7A-CA7A-C9FF-2BAC-C015532FC405}.Debug|Any CPU.Build.0 = Debug|Any CPU
		{53DE7C7A-CA7A-C9FF-2BAC-C015532FC405}.Release|Any CPU.ActiveCfg = Release|Any CPU
		{53DE7C7A-CA7A-C9FF-2BAC-C015532FC405}.Release|Any CPU.Build.0 = Release|Any CPU
		{A2EC5028-27B5-A8BE-DBFC-1FD210C1251B}.Debug|Any CPU.ActiveCfg = Debug|Any CPU
		{A2EC5028-27B5-A8BE-DBFC-1FD210C1251B}.Debug|Any CPU.Build.0 = Debug|Any CPU
		{A2EC5028-27B5-A8BE-DBFC-1FD210C1251B}.Release|Any CPU.ActiveCfg = Release|Any CPU
		{A2EC5028-27B5-A8BE-DBFC-1FD210C1251B}.Release|Any CPU.Build.0 = Release|Any CPU
		{ED53CDFF-85A2-5BD3-5186-1901C9270687}.Debug|Any CPU.ActiveCfg = Debug|Any CPU
		{ED53CDFF-85A2-5BD3-5186-1901C9270687}.Debug|Any CPU.Build.0 = Debug|Any CPU
		{ED53CDFF-85A2-5BD3-5186-1901C9270687}.Release|Any CPU.ActiveCfg = Release|Any CPU
		{ED53CDFF-85A2-5BD3-5186-1901C9270687}.Release|Any CPU.Build.0 = Release|Any CPU
		{F00CB837-DF87-9AAE-B903-D10E76AB32D5}.Debug|Any CPU.ActiveCfg = Debug|Any CPU
		{F00CB837-DF87-9AAE-B903-D10E76AB32D5}.Debug|Any CPU.Build.0 = Debug|Any CPU
		{F00CB837-DF87-9AAE-B903-D10E76AB32D5}.Release|Any CPU.ActiveCfg = Release|Any CPU
		{F00CB837-DF87-9AAE-B903-D10E76AB32D5}.Release|Any CPU.Build.0 = Release|Any CPU
		{F7C352D9-BC29-6CAB-E158-DD916F73719E}.Debug|Any CPU.ActiveCfg = Debug|Any CPU
		{F7C352D9-BC29-6CAB-E158-DD916F73719E}.Debug|Any CPU.Build.0 = Debug|Any CPU
		{F7C352D9-BC29-6CAB-E158-DD916F73719E}.Release|Any CPU.ActiveCfg = Release|Any CPU
		{F7C352D9-BC29-6CAB-E158-DD916F73719E}.Release|Any CPU.Build.0 = Release|Any CPU
		{C1406F9A-5381-2F4F-7EC6-755B282669C8}.Debug|Any CPU.ActiveCfg = Debug|Any CPU
		{C1406F9A-5381-2F4F-7EC6-755B282669C8}.Debug|Any CPU.Build.0 = Debug|Any CPU
		{C1406F9A-5381-2F4F-7EC6-755B282669C8}.Release|Any CPU.ActiveCfg = Release|Any CPU
		{C1406F9A-5381-2F4F-7EC6-755B282669C8}.Release|Any CPU.Build.0 = Release|Any CPU
		{D0C2A185-5145-8B31-3DF3-AB37317E702A}.Debug|Any CPU.ActiveCfg = Debug|Any CPU
		{D0C2A185-5145-8B31-3DF3-AB37317E702A}.Debug|Any CPU.Build.0 = Debug|Any CPU
		{D0C2A185-5145-8B31-3DF3-AB37317E702A}.Release|Any CPU.ActiveCfg = Release|Any CPU
		{D0C2A185-5145-8B31-3DF3-AB37317E702A}.Release|Any CPU.Build.0 = Release|Any CPU
	EndGlobalSection
	GlobalSection(SolutionProperties) = preSolution
		HideSolutionNode = FALSE
	EndGlobalSection
EndGlobal
